
Microsoft Visual Studio Solution File, Format Version 12.00
# Visual Studio 15
VisualStudioVersion = 15.0.28307.1000
MinimumVisualStudioVersion = 10.0.40219.1
Project("{FAE04EC0-301F-11D3-BF4B-00C04F79EFBC}") = "Lab_3", "Lab_3\Lab_3.csproj", "{EFAB77AB-0A62-4CA0-82F1-FD3991FE5AC9}"
EndProject
Global
	GlobalSection(SolutionConfigurationPlatforms) = preSolution
		Debug|Any CPU = Debug|Any CPU
		Release|Any CPU = Release|Any CPU
	EndGlobalSection
	GlobalSection(ProjectConfigurationPlatforms) = postSolution
		{EFAB77AB-0A62-4CA0-82F1-FD3991FE5AC9}.Debug|Any CPU.ActiveCfg = Debug|Any CPU
		{EFAB77AB-0A62-4CA0-82F1-FD3991FE5AC9}.Debug|Any CPU.Build.0 = Debug|Any CPU
		{EFAB77AB-0A62-4CA0-82F1-FD3991FE5AC9}.Release|Any CPU.ActiveCfg = Release|Any CPU
		{EFAB77AB-0A62-4CA0-82F1-FD3991FE5AC9}.Release|Any CPU.Build.0 = Release|Any CPU
	EndGlobalSection
	GlobalSection(SolutionProperties) = preSolution
		HideSolutionNode = FALSE
	EndGlobalSection
	GlobalSection(ExtensibilityGlobals) = postSolution
		SolutionGuid = {6FDDC311-F540-46DB-949F-27AECC5C8201}
	EndGlobalSection
EndGlobal
